
Microsoft Visual Studio Solution File, Format Version 12.00
# Visual Studio Version 17
VisualStudioVersion = 17.10.34928.147
MinimumVisualStudioVersion = 10.0.40219.1
Project("{FAE04EC0-301F-11D3-BF4B-00C04F79EFBC}") = "Healthcare-Management", "Healthcare-Management\Healthcare-Management.csproj", "{57E62232-9D3D-4BDE-A6E7-5C7C05C50CB7}"
EndProject
Global
	GlobalSection(SolutionConfigurationPlatforms) = preSolution
		Debug|Any CPU = Debug|Any CPU
		Release|Any CPU = Release|Any CPU
	EndGlobalSection
	GlobalSection(ProjectConfigurationPlatforms) = postSolution
		{57E62232-9D3D-4BDE-A6E7-5C7C05C50CB7}.Debug|Any CPU.ActiveCfg = Debug|Any CPU
		{57E62232-9D3D-4BDE-A6E7-5C7C05C50CB7}.Debug|Any CPU.Build.0 = Debug|Any CPU
		{57E62232-9D3D-4BDE-A6E7-5C7C05C50CB7}.Release|Any CPU.ActiveCfg = Release|Any CPU
		{57E62232-9D3D-4BDE-A6E7-5C7C05C50CB7}.Release|Any CPU.Build.0 = Release|Any CPU
	EndGlobalSection
	GlobalSection(SolutionProperties) = preSolution
		HideSolutionNode = FALSE
	EndGlobalSection
	GlobalSection(ExtensibilityGlobals) = postSolution
		SolutionGuid = {D2B6B5AA-16DA-4805-8093-4DE6C45E560B}
	EndGlobalSection
EndGlobal
